
Microsoft Visual Studio Solution File, Format Version 12.00
# Visual Studio Version 17
VisualStudioVersion = 17.9.34701.34
MinimumVisualStudioVersion = 10.0.40219.1
Project("{9A19103F-16F7-4668-BE54-9A1E7A4F7556}") = "GoGreen", "GoGreen\GoGreen.csproj", "{75EF007A-E8B0-4635-92AE-1E0ECC074205}"
EndProject
Project("{FAE04EC0-301F-11D3-BF4B-00C04F79EFBC}") = "GoGreen.DataAccess", "GoGreen.DataAccess\GoGreen.DataAccess.csproj", "{52C60816-68A1-451A-AF2B-0773AD7C2F51}"
EndProject
Project("{FAE04EC0-301F-11D3-BF4B-00C04F79EFBC}") = "GoGreen.Model", "GoGreen.Model\GoGreen.Model.csproj", "{29156C91-F038-466B-824E-05A0F56DD8B1}"
EndProject
Project("{FAE04EC0-301F-11D3-BF4B-00C04F79EFBC}") = "GoGreen.Utility", "GoGreen.Utility\GoGreen.Utility.csproj", "{919419EB-1B53-47C3-AE74-F3F5B02D7FC3}"
EndProject
Global
	GlobalSection(SolutionConfigurationPlatforms) = preSolution
		Debug|Any CPU = Debug|Any CPU
		Release|Any CPU = Release|Any CPU
	EndGlobalSection
	GlobalSection(ProjectConfigurationPlatforms) = postSolution
		{75EF007A-E8B0-4635-92AE-1E0ECC074205}.Debug|Any CPU.ActiveCfg = Debug|Any CPU
		{75EF007A-E8B0-4635-92AE-1E0ECC074205}.Debug|Any CPU.Build.0 = Debug|Any CPU
		{75EF007A-E8B0-4635-92AE-1E0ECC074205}.Release|Any CPU.ActiveCfg = Release|Any CPU
		{75EF007A-E8B0-4635-92AE-1E0ECC074205}.Release|Any CPU.Build.0 = Release|Any CPU
		{52C60816-68A1-451A-AF2B-0773AD7C2F51}.Debug|Any CPU.ActiveCfg = Debug|Any CPU
		{52C60816-68A1-451A-AF2B-0773AD7C2F51}.Debug|Any CPU.Build.0 = Debug|Any CPU
		{52C60816-68A1-451A-AF2B-0773AD7C2F51}.Release|Any CPU.ActiveCfg = Release|Any CPU
		{52C60816-68A1-451A-AF2B-0773AD7C2F51}.Release|Any CPU.Build.0 = Release|Any CPU
		{29156C91-F038-466B-824E-05A0F56DD8B1}.Debug|Any CPU.ActiveCfg = Debug|Any CPU
		{29156C91-F038-466B-824E-05A0F56DD8B1}.Debug|Any CPU.Build.0 = Debug|Any CPU
		{29156C91-F038-466B-824E-05A0F56DD8B1}.Release|Any CPU.ActiveCfg = Release|Any CPU
		{29156C91-F038-466B-824E-05A0F56DD8B1}.Release|Any CPU.Build.0 = Release|Any CPU
		{919419EB-1B53-47C3-AE74-F3F5B02D7FC3}.Debug|Any CPU.ActiveCfg = Debug|Any CPU
		{919419EB-1B53-47C3-AE74-F3F5B02D7FC3}.Debug|Any CPU.Build.0 = Debug|Any CPU
		{919419EB-1B53-47C3-AE74-F3F5B02D7FC3}.Release|Any CPU.ActiveCfg = Release|Any CPU
		{919419EB-1B53-47C3-AE74-F3F5B02D7FC3}.Release|Any CPU.Build.0 = Release|Any CPU
	EndGlobalSection
	GlobalSection(SolutionProperties) = preSolution
		HideSolutionNode = FALSE
	EndGlobalSection
	GlobalSection(ExtensibilityGlobals) = postSolution
		SolutionGuid = {A5F58549-A194-4B33-87A7-7567583E9A29}
	EndGlobalSection
EndGlobal
